PODS:
  - ZYAlertViewController (1.0.2)

DEPENDENCIES:
  - ZYAlertViewController (from `../`)

EXTERNAL SOURCES:
  ZYAlertViewController:
    :path: "../"

SPEC CHECKSUMS:
  ZYAlertViewController: 2cb8b743681e14baa0628098e1399eade53fce06

PODFILE CHECKSUM: 9d2f1d2b56c1c3c755c0abb50e2b7faacb0fba68

COCOAPODS: 1.9.3
