PODS:
  - ZYAlertViewController (1.0.0)

DEPENDENCIES:
  - ZYAlertViewController

SPEC REPOS:
  https://github.com/cocoapods/specs.git:
    - ZYAlertViewController

SPEC CHECKSUMS:
  ZYAlertViewController: bad7d635a8e7e90bc317ce243d7fa4ece031e8a3

PODFILE CHECKSUM: be64f58da3b7700960dd3be372430b3315d902f7

COCOAPODS: 1.5.3
